
Microsoft Visual Studio Solution File, Format Version 12.00
# Visual Studio Version 17
VisualStudioVersion = 17.4.33213.308
MinimumVisualStudioVersion = 10.0.40219.1
Project("{FAE04EC0-301F-11D3-BF4B-00C04F79EFBC}") = "ProgramW4", "ProgramW4\ProgramW4.csproj", "{713317C6-5DA8-46BE-8E80-9CDD00105FB3}"
EndProject
Global
	GlobalSection(SolutionConfigurationPlatforms) = preSolution
		Debug|Any CPU = Debug|Any CPU
		Release|Any CPU = Release|Any CPU
	EndGlobalSection
	GlobalSection(ProjectConfigurationPlatforms) = postSolution
		{713317C6-5DA8-46BE-8E80-9CDD00105FB3}.Debug|Any CPU.ActiveCfg = Debug|Any CPU
		{713317C6-5DA8-46BE-8E80-9CDD00105FB3}.Debug|Any CPU.Build.0 = Debug|Any CPU
		{713317C6-5DA8-46BE-8E80-9CDD00105FB3}.Release|Any CPU.ActiveCfg = Release|Any CPU
		{713317C6-5DA8-46BE-8E80-9CDD00105FB3}.Release|Any CPU.Build.0 = Release|Any CPU
	EndGlobalSection
	GlobalSection(SolutionProperties) = preSolution
		HideSolutionNode = FALSE
	EndGlobalSection
	GlobalSection(ExtensibilityGlobals) = postSolution
		SolutionGuid = {167289E6-61D1-4815-8473-C2B6290628C3}
	EndGlobalSection
EndGlobal
